// !$*UTF8*$!
{
	archiveVersion = 1;
	classes = {
	};
	objectVersion = 46;
	objects = {

/* Begin PBXBuildFile section */
		1841041D196E2CA300D4CD01 /* AppDelegate.swift in Sources */ = {isa = PBXBuildFile; fileRef = 1841041C196E2CA300D4CD01 /* AppDelegate.swift */; };
		1841041F196E2CA300D4CD01 /* Images.xcassets in Resources */ = {isa = PBXBuildFile; fileRef = 1841041E196E2CA300D4CD01 /* Images.xcassets */; };
		1841042B196E2CA300D4CD01 /* ReadingTripTests.swift in Sources */ = {isa = PBXBuildFile; fileRef = 1841042A196E2CA300D4CD01 /* ReadingTripTests.swift */; };
/* End PBXBuildFile section */

/* Begin PBXContainerItemProxy section */
		18410425196E2CA300D4CD01 /* PBXContainerItemProxy */ = {
			isa = PBXContainerItemProxy;
			containerPortal = 1841040F196E2CA300D4CD01 /* Project object */;
			proxyType = 1;
			remoteGlobalIDString = 18410416196E2CA300D4CD01;
			remoteInfo = ReadingTrip;
		};
/* End PBXContainerItemProxy section */

/* Begin PBXFileReference section */
		18410417196E2CA300D4CD01 /* ReadingTrip.app */ = {isa = PBXFileReference; explicitFileType = wrapper.application; includeInIndex = 0; path = ReadingTrip.app; sourceTree = BUILT_PRODUCTS_DIR; };
		1841041B196E2CA300D4CD01 /* Info.plist */ = {isa = PBXFileReference; lastKnownFileType = text.plist.xml; path = Info.plist; sourceTree = "<group>"; };
		1841041C196E2CA300D4CD01 /* AppDelegate.swift */ = {isa = PBXFileReference; lastKnownFileType = sourcecode.swift; path = AppDelegate.swift; sourceTree = "<group>"; };
		1841041E196E2CA300D4CD01 /* Images.xcassets */ = {isa = PBXFileReference; lastKnownFileType = folder.assetcatalog; path = Images.xcassets; sourceTree = "<group>"; };
		18410424196E2CA300D4CD01 /* ReadingTripTests.xctest */ = {isa = PBXFileReference; explicitFileType = wrapper.cfbundle; includeInIndex = 0; path = ReadingTripTests.xctest; sourceTree = BUILT_PRODUCTS_DIR; };
		18410429196E2CA300D4CD01 /* Info.plist */ = {isa = PBXFileReference; lastKnownFileType = text.plist.xml; path = Info.plist; sourceTree = "<group>"; };
		1841042A196E2CA300D4CD01 /* ReadingTripTests.swift */ = {isa = PBXFileReference; lastKnownFileType = sourcecode.swift; path = ReadingTripTests.swift; sourceTree = "<group>"; };
/* End PBXFileReference section */

/* Begin PBXFrameworksBuildPhase section */
		18410414196E2CA300D4CD01 /* Frameworks */ = {
			isa = PBXFrameworksBuildPhase;
			buildActionMask = 2147483647;
			files = (
			);
			runOnlyForDeploymentPostprocessing = 0;
		};
		18410421196E2CA300D4CD01 /* Frameworks */ = {
			isa = PBXFrameworksBuildPhase;
			buildActionMask = 2147483647;
			files = (
			);
			runOnlyForDeploymentPostprocessing = 0;
		};
/* End PBXFrameworksBuildPhase section */

/* Begin PBXGroup section */
		1841040E196E2CA300D4CD01 = {
			isa = PBXGroup;
			children = (
				18410419196E2CA300D4CD01 /* ReadingTrip */,
				18410427196E2CA300D4CD01 /* ReadingTripTests */,
				18410418196E2CA300D4CD01 /* Products */,
			);
			sourceTree = "<group>";
		};
		18410418196E2CA300D4CD01 /* Products */ = {
			isa = PBXGroup;
			children = (
				18410417196E2CA300D4CD01 /* ReadingTrip.app */,
				18410424196E2CA300D4CD01 /* ReadingTripTests.xctest */,
			);
			name = Products;
			sourceTree = "<group>";
		};
		18410419196E2CA300D4CD01 /* ReadingTrip */ = {
			isa = PBXGroup;
			children = (
				1841041C196E2CA300D4CD01 /* AppDelegate.swift */,
				1841041E196E2CA300D4CD01 /* Images.xcassets */,
				1841041A196E2CA300D4CD01 /* Supporting Files */,
			);
			path = ReadingTrip;
			sourceTree = "<group>";
		};
		1841041A196E2CA300D4CD01 /* Supporting Files */ = {
			isa = PBXGroup;
			children = (
				1841041B196E2CA300D4CD01 /* Info.plist */,
			);
			name = "Supporting Files";
			sourceTree = "<group>";
		};
		18410427196E2CA300D4CD01 /* ReadingTripTests */ = {
			isa = PBXGroup;
			children = (
				1841042A196E2CA300D4CD01 /* ReadingTripTests.swift */,
				18410428196E2CA300D4CD01 /* Supporting Files */,
			);
			path = ReadingTripTests;
			sourceTree = "<group>";
		};
		18410428196E2CA300D4CD01 /* Supporting Files */ = {
			isa = PBXGroup;
			children = (
				18410429196E2CA300D4CD01 /* Info.plist */,
			);
			name = "Supporting Files";
			sourceTree = "<group>";
		};
/* End PBXGroup section */

/* Begin PBXNativeTarget section */
		18410416196E2CA300D4CD01 /* ReadingTrip */ = {
			isa = PBXNativeTarget;
			buildConfigurationList = 1841042E196E2CA300D4CD01 /* Build configuration list for PBXNativeTarget "ReadingTrip" */;
			buildPhases = (
				18410413196E2CA300D4CD01 /* Sources */,
				18410414196E2CA300D4CD01 /* Frameworks */,
				18410415196E2CA300D4CD01 /* Resources */,
			);
			buildRules = (
			);
			dependencies = (
			);
			name = ReadingTrip;
			productName = ReadingTrip;
			productReference = 18410417196E2CA300D4CD01 /* ReadingTrip.app */;
			productType = "com.apple.product-type.application";
		};
		18410423196E2CA300D4CD01 /* ReadingTripTests */ = {
			isa = PBXNativeTarget;
			buildConfigurationList = 18410431196E2CA300D4CD01 /* Build configuration list for PBXNativeTarget "ReadingTripTests" */;
			buildPhases = (
				18410420196E2CA300D4CD01 /* Sources */,
				18410421196E2CA300D4CD01 /* Frameworks */,
				18410422196E2CA300D4CD01 /* Resources */,
			);
			buildRules = (
			);
			dependencies = (
				18410426196E2CA300D4CD01 /* PBXTargetDependency */,
			);
			name = ReadingTripTests;
			productName = ReadingTripTests;
			productReference = 18410424196E2CA300D4CD01 /* ReadingTripTests.xctest */;
			productType = "com.apple.product-type.bundle.unit-test";
		};
/* End PBXNativeTarget section */

/* Begin PBXProject section */
		1841040F196E2CA300D4CD01 /* Project object */ = {
			isa = PBXProject;
			attributes = {
				LastUpgradeCheck = 0600;
				ORGANIZATIONNAME = MZ;
				TargetAttributes = {
					18410416196E2CA300D4CD01 = {
						CreatedOnToolsVersion = 6.0;
					};
					18410423196E2CA300D4CD01 = {
						CreatedOnToolsVersion = 6.0;
						TestTargetID = 18410416196E2CA300D4CD01;
					};
				};
			};
			buildConfigurationList = 18410412196E2CA300D4CD01 /* Build configuration list for PBXProject "ReadingTrip" */;
			compatibilityVersion = "Xcode 3.2";
			developmentRegion = English;
			hasScannedForEncodings = 0;
			knownRegions = (
				en,
			);
			mainGroup = 1841040E196E2CA300D4CD01;
			productRefGroup = 18410418196E2CA300D4CD01 /* Products */;
			projectDirPath = "";
			projectRoot = "";
			targets = (
				18410416196E2CA300D4CD01 /* ReadingTrip */,
				18410423196E2CA300D4CD01 /* ReadingTripTests */,
			);
		};
/* End PBXProject section */

/* Begin PBXResourcesBuildPhase section */
		18410415196E2CA300D4CD01 /* Resources */ = {
			isa = PBXResourcesBuildPhase;
			buildActionMask = 2147483647;
			files = (
				1841041F196E2CA300D4CD01 /* Images.xcassets in Resources */,
			);
			runOnlyForDeploymentPostprocessing = 0;
		};
		18410422196E2CA300D4CD01 /* Resources */ = {
			isa = PBXResourcesBuildPhase;
			buildActionMask = 2147483647;
			files = (
			);
			runOnlyForDeploymentPostprocessing = 0;
		};
/* End PBXResourcesBuildPhase section */

/* Begin PBXSourcesBuildPhase section */
		18410413196E2CA300D4CD01 /* Sources */ = {
			isa = PBXSourcesBuildPhase;
			buildActionMask = 2147483647;
			files = (
				1841041D196E2CA300D4CD01 /* AppDelegate.swift in Sources */,
			);
			runOnlyForDeploymentPostprocessing = 0;
		};
		18410420196E2CA300D4CD01 /* Sources */ = {
			isa = PBXSourcesBuildPhase;
			buildActionMask = 2147483647;
			files = (
				1841042B196E2CA300D4CD01 /* ReadingTripTests.swift in Sources */,
			);
			runOnlyForDeploymentPostprocessing = 0;
		};
/* End PBXSourcesBuildPhase section */

/* Begin PBXTargetDependency section */
		18410426196E2CA300D4CD01 /* PBXTargetDependency */ = {
			isa = PBXTargetDependency;
			target = 18410416196E2CA300D4CD01 /* ReadingTrip */;
			targetProxy = 18410425196E2CA300D4CD01 /* PBXContainerItemProxy */;
		};
/* End PBXTargetDependency section */

/* Begin XCBuildConfiguration section */
		1841042C196E2CA300D4CD01 /* Debug */ = {
			isa = XCBuildConfiguration;
			buildSettings = {
				ALWAYS_SEARCH_USER_PATHS = NO;
				CLANG_CXX_LANGUAGE_STANDARD = "gnu++0x";
				CLANG_CXX_LIBRARY = "libc++";
				CLANG_ENABLE_MODULES = YES;
				CLANG_ENABLE_OBJC_ARC = YES;
				CLANG_WARN_BOOL_CONVERSION = YES;
				CLANG_WARN_CONSTANT_CONVERSION = YES;
				CLANG_WARN_DIRECT_OBJC_ISA_USAGE = YES_ERROR;
				CLANG_WARN_EMPTY_BODY = YES;
				CLANG_WARN_ENUM_CONVERSION = YES;
				CLANG_WARN_INT_CONVERSION = YES;
				CLANG_WARN_OBJC_ROOT_CLASS = YES_ERROR;
				CLANG_WARN_UNREACHABLE_CODE = YES;
				CLANG_WARN__DUPLICATE_METHOD_MATCH = YES;
				"CODE_SIGN_IDENTITY[sdk=iphoneos*]" = "iPhone Developer";
				COPY_PHASE_STRIP = NO;
				ENABLE_STRICT_OBJC_MSGSEND = YES;
				GCC_C_LANGUAGE_STANDARD = gnu99;
				GCC_DYNAMIC_NO_PIC = NO;
				GCC_OPTIMIZATION_LEVEL = 0;
				GCC_PREPROCESSOR_DEFINITIONS = (
					"DEBUG=1",
					"$(inherited)",
				);
				GCC_SYMBOLS_PRIVATE_EXTERN = NO;
				GCC_WARN_64_TO_32_BIT_CONVERSION = YES;
				GCC_WARN_ABOUT_RETURN_TYPE = YES_ERROR;
				GCC_WARN_UNDECLARED_SELECTOR = YES;
				GCC_WARN_UNINITIALIZED_AUTOS = YES_AGGRESSIVE;
				GCC_WARN_UNUSED_FUNCTION = YES;
				GCC_WARN_UNUSED_VARIABLE = YES;
				IPHONEOS_DEPLOYMENT_TARGET = 8.0;
				METAL_ENABLE_DEBUG_INFO = YES;
				ONLY_ACTIVE_ARCH = YES;
				SDKROOT = iphoneos;
				SWIFT_OPTIMIZATION_LEVEL = "-Onone";
				TARGETED_DEVICE_FAMILY = "1,2";
			};
			name = Debug;
		};
		1841042D196E2CA300D4CD01 /* Release */ = {
			isa = XCBuildConfiguration;
			buildSettings = {
				ALWAYS_SEARCH_USER_PATHS = NO;
				CLANG_CXX_LANGUAGE_STANDARD = "gnu++0x";
				CLANG_CXX_LIBRARY = "libc++";
				CLANG_ENABLE_MODULES = YES;
				CLANG_ENABLE_OBJC_ARC = YES;
				CLANG_WARN_BOOL_CONVERSION = YES;
				CLANG_WARN_CONSTANT_CONVERSION = YES;
				CLANG_WARN_DIRECT_OBJC_ISA_USAGE = YES_ERROR;
				CLANG_WARN_EMPTY_BODY = YES;
				CLANG_WARN_ENUM_CONVERSION = YES;
				CLANG_WARN_INT_CONVERSION = YES;
				CLANG_WARN_OBJC_ROOT_CLASS = YES_ERROR;
				CLANG_WARN_UNREACHABLE_CODE = YES;
				CLANG_WARN__DUPLICATE_METHOD_MATCH = YES;
				"CODE_SIGN_IDENTITY[sdk=iphoneos*]" = "iPhone Developer";
				COPY_PHASE_STRIP = YES;
				ENABLE_NS_ASSERTIONS = NO;
				ENABLE_STRICT_OBJC_MSGSEND = YES;
				GCC_C_LANGUAGE_STANDARD = gnu99;
				GCC_WARN_64_TO_32_BIT_CONVERSION = YES;
				GCC_WARN_ABOUT_RETURN_TYPE = YES_ERROR;
				GCC_WARN_UNDECLARED_SELECTOR = YES;
				GCC_WARN_UNINITIALIZED_AUTOS = YES_AGGRESSIVE;
				GCC_WARN_UNUSED_FUNCTION = YES;
				GCC_WARN_UNUSED_VARIABLE = YES;
				IPHONEOS_DEPLOYMENT_TARGET = 8.0;
				METAL_ENABLE_DEBUG_INFO = NO;
				SDKROOT = iphoneos;
				TARGETED_DEVICE_FAMILY = "1,2";
				VALIDATE_PRODUCT = YES;
			};
			name = Release;
		};
		1841042F196E2CA300D4CD01 /* Debug */ = {
			isa = XCBuildConfiguration;
			buildSettings = {
				ASSETCATALOG_COMPILER_APPICON_NAME = AppIcon;
				ASSETCATALOG_COMPILER_LAUNCHIMAGE_NAME = LaunchImage;
				INFOPLIST_FILE = ReadingTrip/Info.plist;
				LD_RUNPATH_SEARCH_PATHS = "$(inherited) @executable_path/Frameworks";
				PRODUCT_NAME = "$(TARGET_NAME)";
			};
			name = Debug;
		};
		18410430196E2CA300D4CD01 /* Release */ = {
			isa = XCBuildConfiguration;
			buildSettings = {
				ASSETCATALOG_COMPILER_APPICON_NAME = AppIcon;
				ASSETCATALOG_COMPILER_LAUNCHIMAGE_NAME = LaunchImage;
				INFOPLIST_FILE = ReadingTrip/Info.plist;
				LD_RUNPATH_SEARCH_PATHS = "$(inherited) @executable_path/Frameworks";
				PRODUCT_NAME = "$(TARGET_NAME)";
			};
			name = Release;
		};
		18410432196E2CA300D4CD01 /* Debug */ = {
			isa = XCBuildConfiguration;
			buildSettings = {
				BUNDLE_LOADER = "$(BUILT_PRODUCTS_DIR)/ReadingTrip.app/ReadingTrip";
				FRAMEWORK_SEARCH_PATHS = (
					"$(SDKROOT)/Developer/Library/Frameworks",
					"$(inherited)",
				);
				GCC_PREPROCESSOR_DEFINITIONS = (
					"DEBUG=1",
					"$(inherited)",
				);
				INFOPLIST_FILE = ReadingTripTests/Info.plist;
				LD_RUNPATH_SEARCH_PATHS = "$(inherited) @executable_path/Frameworks @loader_path/Frameworks";
				METAL_ENABLE_DEBUG_INFO = YES;
				PRODUCT_NAME = "$(TARGET_NAME)";
				TEST_HOST = "$(BUNDLE_LOADER)";
			};
			name = Debug;
		};
		18410433196E2CA300D4CD01 /* Release */ = {
			isa = XCBuildConfiguration;
			buildSettings = {
				BUNDLE_LOADER = "$(BUILT_PRODUCTS_DIR)/ReadingTrip.app/ReadingTrip";
				FRAMEWORK_SEARCH_PATHS = (
					"$(SDKROOT)/Developer/Library/Frameworks",
					"$(inherited)",
				);
				INFOPLIST_FILE = ReadingTripTests/Info.plist;
				LD_RUNPATH_SEARCH_PATHS = "$(inherited) @executable_path/Frameworks @loader_path/Frameworks";
				METAL_ENABLE_DEBUG_INFO = NO;
				PRODUCT_NAME = "$(TARGET_NAME)";
				TEST_HOST = "$(BUNDLE_LOADER)";
			};
			name = Release;
		};
/* End XCBuildConfiguration section */

/* Begin XCConfigurationList section */
		18410412196E2CA300D4CD01 /* Build configuration list for PBXProject "ReadingTrip" */ = {
			isa = XCConfigurationList;
			buildConfigurations = (
				1841042C196E2CA300D4CD01 /* Debug */,
				1841042D196E2CA300D4CD01 /* Release */,
			);
			defaultConfigurationIsVisible = 0;
			defaultConfigurationName = Release;
		};
		1841042E196E2CA300D4CD01 /* Build configuration list for PBXNativeTarget "ReadingTrip" */ = {
			isa = XCConfigurationList;
			buildConfigurations = (
				1841042F196E2CA300D4CD01 /* Debug */,
				18410430196E2CA300D4CD01 /* Release */,
			);
			defaultConfigurationIsVisible = 0;
		};
		18410431196E2CA300D4CD01 /* Build configuration list for PBXNativeTarget "ReadingTripTests" */ = {
			isa = XCConfigurationList;
			buildConfigurations = (
				18410432196E2CA300D4CD01 /* Debug */,
				18410433196E2CA300D4CD01 /* Release */,
			);
			defaultConfigurationIsVisible = 0;
		};
/* End XCConfigurationList section */
	};
	rootObject = 1841040F196E2CA300D4CD01 /* Project object */;
}
